{
  "name": "generic-hypermedia-api-testserver",
  "requires": true,
  "lockfileVersion": 1,
  "dependencies": {
    "accept-language-negotiator": {
      "version": "1.0.1",
      "resolved": "https://registry.npmjs.org/accept-language-negotiator/-/accept-language-negotiator-1.0.1.tgz",
      "integrity": "sha1-PoLcucvCxZXbDzTCDewkevV/wQc="
    }
  }
}
